
Microsoft Visual Studio Solution File, Format Version 12.00
# Visual Studio Version 17
VisualStudioVersion = 17.8.34330.188
MinimumVisualStudioVersion = 10.0.40219.1
Project("{8BC9CEB8-8B4A-11D0-8D11-00A0C91BC942}") = "Dll1", "Dll1\Dll1.vcxproj", "{3458AA53-6A10-432E-81FE-7A91292536F2}"
EndProject
Project("{8BC9CEB8-8B4A-11D0-8D11-00A0C91BC942}") = "MFCDlg", "MFCDlg\MFCDlg.vcxproj", "{00A8033F-F0F1-4C2F-A069-83115AB57770}"
EndProject
Project("{8BC9CEB8-8B4A-11D0-8D11-00A0C91BC942}") = "DllClass", "DllClass\DllClass.vcxproj", "{C5EF67F4-C9E5-4C03-87E6-1C97EEF552EA}"
EndProject
Project("{8BC9CEB8-8B4A-11D0-8D11-00A0C91BC942}") = "Dll2", "Dll2\Dll2.vcxproj", "{FE6C8849-0EAA-4350-9444-EA325C6E4C47}"
EndProject
Project("{8BC9CEB8-8B4A-11D0-8D11-00A0C91BC942}") = "ConsoleApp", "ConsoleApp\ConsoleApp.vcxproj", "{CFA80A38-07B2-4167-9F09-159CDBA6FBBE}"
EndProject
Project("{8BC9CEB8-8B4A-11D0-8D11-00A0C91BC942}") = "DllDlg", "DllDlg\DllDlg.vcxproj", "{F3B4D022-75B7-424B-A10B-8A7CDA817452}"
EndProject
Project("{8BC9CEB8-8B4A-11D0-8D11-00A0C91BC942}") = "MainProgram", "MainProgram\MainProgram.vcxproj", "{71CF0D8C-3CA7-4BE2-BD3B-292B8A4CF9B0}"
EndProject
Global
	GlobalSection(SolutionConfigurationPlatforms) = preSolution
		Debug|x64 = Debug|x64
		Debug|x86 = Debug|x86
		Release|x64 = Release|x64
		Release|x86 = Release|x86
	EndGlobalSection
	GlobalSection(ProjectConfigurationPlatforms) = postSolution
		{3458AA53-6A10-432E-81FE-7A91292536F2}.Debug|x64.ActiveCfg = Debug|x64
		{3458AA53-6A10-432E-81FE-7A91292536F2}.Debug|x64.Build.0 = Debug|x64
		{3458AA53-6A10-432E-81FE-7A91292536F2}.Debug|x86.ActiveCfg = Debug|Win32
		{3458AA53-6A10-432E-81FE-7A91292536F2}.Debug|x86.Build.0 = Debug|Win32
		{3458AA53-6A10-432E-81FE-7A91292536F2}.Release|x64.ActiveCfg = Release|x64
		{3458AA53-6A10-432E-81FE-7A91292536F2}.Release|x64.Build.0 = Release|x64
		{3458AA53-6A10-432E-81FE-7A91292536F2}.Release|x86.ActiveCfg = Release|Win32
		{3458AA53-6A10-432E-81FE-7A91292536F2}.Release|x86.Build.0 = Release|Win32
		{00A8033F-F0F1-4C2F-A069-83115AB57770}.Debug|x64.ActiveCfg = Debug|x64
		{00A8033F-F0F1-4C2F-A069-83115AB57770}.Debug|x64.Build.0 = Debug|x64
		{00A8033F-F0F1-4C2F-A069-83115AB57770}.Debug|x86.ActiveCfg = Debug|Win32
		{00A8033F-F0F1-4C2F-A069-83115AB57770}.Debug|x86.Build.0 = Debug|Win32
		{00A8033F-F0F1-4C2F-A069-83115AB57770}.Release|x64.ActiveCfg = Release|x64
		{00A8033F-F0F1-4C2F-A069-83115AB57770}.Release|x64.Build.0 = Release|x64
		{00A8033F-F0F1-4C2F-A069-83115AB57770}.Release|x86.ActiveCfg = Release|Win32
		{00A8033F-F0F1-4C2F-A069-83115AB57770}.Release|x86.Build.0 = Release|Win32
		{C5EF67F4-C9E5-4C03-87E6-1C97EEF552EA}.Debug|x64.ActiveCfg = Debug|x64
		{C5EF67F4-C9E5-4C03-87E6-1C97EEF552EA}.Debug|x64.Build.0 = Debug|x64
		{C5EF67F4-C9E5-4C03-87E6-1C97EEF552EA}.Debug|x86.ActiveCfg = Debug|Win32
		{C5EF67F4-C9E5-4C03-87E6-1C97EEF552EA}.Debug|x86.Build.0 = Debug|Win32
		{C5EF67F4-C9E5-4C03-87E6-1C97EEF552EA}.Release|x64.ActiveCfg = Release|x64
		{C5EF67F4-C9E5-4C03-87E6-1C97EEF552EA}.Release|x64.Build.0 = Release|x64
		{C5EF67F4-C9E5-4C03-87E6-1C97EEF552EA}.Release|x86.ActiveCfg = Release|Win32
		{C5EF67F4-C9E5-4C03-87E6-1C97EEF552EA}.Release|x86.Build.0 = Release|Win32
		{FE6C8849-0EAA-4350-9444-EA325C6E4C47}.Debug|x64.ActiveCfg = Debug|x64
		{FE6C8849-0EAA-4350-9444-EA325C6E4C47}.Debug|x64.Build.0 = Debug|x64
		{FE6C8849-0EAA-4350-9444-EA325C6E4C47}.Debug|x86.ActiveCfg = Debug|Win32
		{FE6C8849-0EAA-4350-9444-EA325C6E4C47}.Debug|x86.Build.0 = Debug|Win32
		{FE6C8849-0EAA-4350-9444-EA325C6E4C47}.Release|x64.ActiveCfg = Release|x64
		{FE6C8849-0EAA-4350-9444-EA325C6E4C47}.Release|x64.Build.0 = Release|x64
		{FE6C8849-0EAA-4350-9444-EA325C6E4C47}.Release|x86.ActiveCfg = Release|Win32
		{FE6C8849-0EAA-4350-9444-EA325C6E4C47}.Release|x86.Build.0 = Release|Win32
		{CFA80A38-07B2-4167-9F09-159CDBA6FBBE}.Debug|x64.ActiveCfg = Debug|x64
		{CFA80A38-07B2-4167-9F09-159CDBA6FBBE}.Debug|x64.Build.0 = Debug|x64
		{CFA80A38-07B2-4167-9F09-159CDBA6FBBE}.Debug|x86.ActiveCfg = Debug|Win32
		{CFA80A38-07B2-4167-9F09-159CDBA6FBBE}.Debug|x86.Build.0 = Debug|Win32
		{CFA80A38-07B2-4167-9F09-159CDBA6FBBE}.Release|x64.ActiveCfg = Release|x64
		{CFA80A38-07B2-4167-9F09-159CDBA6FBBE}.Release|x64.Build.0 = Release|x64
		{CFA80A38-07B2-4167-9F09-159CDBA6FBBE}.Release|x86.ActiveCfg = Release|Win32
		{CFA80A38-07B2-4167-9F09-159CDBA6FBBE}.Release|x86.Build.0 = Release|Win32
		{F3B4D022-75B7-424B-A10B-8A7CDA817452}.Debug|x64.ActiveCfg = Debug|x64
		{F3B4D022-75B7-424B-A10B-8A7CDA817452}.Debug|x64.Build.0 = Debug|x64
		{F3B4D022-75B7-424B-A10B-8A7CDA817452}.Debug|x86.ActiveCfg = Debug|Win32
		{F3B4D022-75B7-424B-A10B-8A7CDA817452}.Debug|x86.Build.0 = Debug|Win32
		{F3B4D022-75B7-424B-A10B-8A7CDA817452}.Release|x64.ActiveCfg = Release|x64
		{F3B4D022-75B7-424B-A10B-8A7CDA817452}.Release|x64.Build.0 = Release|x64
		{F3B4D022-75B7-424B-A10B-8A7CDA817452}.Release|x86.ActiveCfg = Release|Win32
		{F3B4D022-75B7-424B-A10B-8A7CDA817452}.Release|x86.Build.0 = Release|Win32
		{71CF0D8C-3CA7-4BE2-BD3B-292B8A4CF9B0}.Debug|x64.ActiveCfg = Debug|x64
		{71CF0D8C-3CA7-4BE2-BD3B-292B8A4CF9B0}.Debug|x64.Build.0 = Debug|x64
		{71CF0D8C-3CA7-4BE2-BD3B-292B8A4CF9B0}.Debug|x86.ActiveCfg = Debug|Win32
		{71CF0D8C-3CA7-4BE2-BD3B-292B8A4CF9B0}.Debug|x86.Build.0 = Debug|Win32
		{71CF0D8C-3CA7-4BE2-BD3B-292B8A4CF9B0}.Release|x64.ActiveCfg = Release|x64
		{71CF0D8C-3CA7-4BE2-BD3B-292B8A4CF9B0}.Release|x64.Build.0 = Release|x64
		{71CF0D8C-3CA7-4BE2-BD3B-292B8A4CF9B0}.Release|x86.ActiveCfg = Release|Win32
		{71CF0D8C-3CA7-4BE2-BD3B-292B8A4CF9B0}.Release|x86.Build.0 = Release|Win32
	EndGlobalSection
	GlobalSection(SolutionProperties) = preSolution
		HideSolutionNode = FALSE
	EndGlobalSection
	GlobalSection(ExtensibilityGlobals) = postSolution
		SolutionGuid = {755D69EE-D360-4241-925F-DE0AAAF1277D}
	EndGlobalSection
EndGlobal
